
Microsoft Visual Studio Solution File, Format Version 12.00
# Visual Studio Version 16
VisualStudioVersion = 16.0.33529.622
MinimumVisualStudioVersion = 10.0.40219.1
Project("{FAE04EC0-301F-11D3-BF4B-00C04F79EFBC}") = "lab2ex4", "lab2ex4\lab2ex4.csproj", "{D34EC640-FD52-4A8D-BB56-628737535428}"
EndProject
Global
	GlobalSection(SolutionConfigurationPlatforms) = preSolution
		Debug|Any CPU = Debug|Any CPU
		Release|Any CPU = Release|Any CPU
	EndGlobalSection
	GlobalSection(ProjectConfigurationPlatforms) = postSolution
		{D34EC640-FD52-4A8D-BB56-628737535428}.Debug|Any CPU.ActiveCfg = Debug|Any CPU
		{D34EC640-FD52-4A8D-BB56-628737535428}.Debug|Any CPU.Build.0 = Debug|Any CPU
		{D34EC640-FD52-4A8D-BB56-628737535428}.Release|Any CPU.ActiveCfg = Release|Any CPU
		{D34EC640-FD52-4A8D-BB56-628737535428}.Release|Any CPU.Build.0 = Release|Any CPU
	EndGlobalSection
	GlobalSection(SolutionProperties) = preSolution
		HideSolutionNode = FALSE
	EndGlobalSection
	GlobalSection(ExtensibilityGlobals) = postSolution
		SolutionGuid = {D54B67A3-928B-4023-BDC6-A34FBC6F07AB}
	EndGlobalSection
EndGlobal
